// !$*UTF8*$!
{
	archiveVersion = 1;
	classes = {
	};
	objectVersion = 51;
	objects = {

/* Begin PBXBuildFile section */
		55B781C624A619A80036F8E5 /* AppDelegate.swift in Sources */ = {isa = PBXBuildFile; fileRef = 55B781C524A619A80036F8E5 /* AppDelegate.swift */; };
		55B781CD24A619A80036F8E5 /* Main.storyboard in Resources */ = {isa = PBXBuildFile; fileRef = 55B781CB24A619A80036F8E5 /* Main.storyboard */; };
		55B781CF24A619A90036F8E5 /* Assets.xcassets in Resources */ = {isa = PBXBuildFile; fileRef = 55B781CE24A619A90036F8E5 /* Assets.xcassets */; };
		55B781D224A619A90036F8E5 /* LaunchScreen.storyboard in Resources */ = {isa = PBXBuildFile; fileRef = 55B781D024A619A90036F8E5 /* LaunchScreen.storyboard */; };
		55B781D924A61A3C0036F8E5 /* MainViewController.swift in Sources */ = {isa = PBXBuildFile; fileRef = 55B781D724A61A3C0036F8E5 /* MainViewController.swift */; };
		55B781DA24A61A3C0036F8E5 /* ScannerViewController.swift in Sources */ = {isa = PBXBuildFile; fileRef = 55B781D824A61A3C0036F8E5 /* ScannerViewController.swift */; };
		55B781E824A61CE60036F8E5 /* AppDelegate.swift in Sources */ = {isa = PBXBuildFile; fileRef = 55B781E724A61CE60036F8E5 /* AppDelegate.swift */; };
		55B781EF24A61CE60036F8E5 /* Main.storyboard in Resources */ = {isa = PBXBuildFile; fileRef = 55B781ED24A61CE60036F8E5 /* Main.storyboard */; };
		55B781F124A61CE70036F8E5 /* Assets.xcassets in Resources */ = {isa = PBXBuildFile; fileRef = 55B781F024A61CE70036F8E5 /* Assets.xcassets */; };
		55B781F424A61CE70036F8E5 /* LaunchScreen.storyboard in Resources */ = {isa = PBXBuildFile; fileRef = 55B781F224A61CE70036F8E5 /* LaunchScreen.storyboard */; };
		55B781FD24A61D480036F8E5 /* MainViewController.swift in Sources */ = {isa = PBXBuildFile; fileRef = 55B781F924A61D480036F8E5 /* MainViewController.swift */; };
		55B781FE24A61D480036F8E5 /* WalletConnect.swift in Sources */ = {isa = PBXBuildFile; fileRef = 55B781FA24A61D480036F8E5 /* WalletConnect.swift */; };
		55B781FF24A61D480036F8E5 /* HandshakeViewController.swift in Sources */ = {isa = PBXBuildFile; fileRef = 55B781FB24A61D480036F8E5 /* HandshakeViewController.swift */; };
		55B7820024A61D480036F8E5 /* ActionsViewController.swift in Sources */ = {isa = PBXBuildFile; fileRef = 55B781FC24A61D480036F8E5 /* ActionsViewController.swift */; };
		918441D2F9D5A88A461D9304 /* Pods_ServerApp.framework in Frameworks */ = {isa = PBXBuildFile; fileRef = 088C51901628E96CCBA26781 /* Pods_ServerApp.framework */; };
		F720EAEA1E8309BB764C8AF1 /* Pods_ClientApp.framework in Frameworks */ = {isa = PBXBuildFile; fileRef = 130FBAC19C7F309E4642C1F0 /* Pods_ClientApp.framework */; };
/* End PBXBuildFile section */

/* Begin PBXFileReference section */
		077621EB79AB935EC000A057 /* Pods-ClientApp.debug.xcconfig */ = {isa = PBXFileReference; includeInIndex = 1; lastKnownFileType = text.xcconfig; name = "Pods-ClientApp.debug.xcconfig"; path = "Target Support Files/Pods-ClientApp/Pods-ClientApp.debug.xcconfig"; sourceTree = "<group>"; };
		088C51901628E96CCBA26781 /* Pods_ServerApp.framework */ = {isa = PBXFileReference; explicitFileType = wrapper.framework; includeInIndex = 0; path = Pods_ServerApp.framework; sourceTree = BUILT_PRODUCTS_DIR; };
		130FBAC19C7F309E4642C1F0 /* Pods_ClientApp.framework */ = {isa = PBXFileReference; explicitFileType = wrapper.framework; includeInIndex = 0; path = Pods_ClientApp.framework; sourceTree = BUILT_PRODUCTS_DIR; };
		2FCF421327AE60E707052DF8 /* Pods-ClientApp.release.xcconfig */ = {isa = PBXFileReference; includeInIndex = 1; lastKnownFileType = text.xcconfig; name = "Pods-ClientApp.release.xcconfig"; path = "Target Support Files/Pods-ClientApp/Pods-ClientApp.release.xcconfig"; sourceTree = "<group>"; };
		51C3CD251010F1EC29DDC8AB /* Pods-ServerApp.release.xcconfig */ = {isa = PBXFileReference; includeInIndex = 1; lastKnownFileType = text.xcconfig; name = "Pods-ServerApp.release.xcconfig"; path = "Target Support Files/Pods-ServerApp/Pods-ServerApp.release.xcconfig"; sourceTree = "<group>"; };
		55B781C324A619A80036F8E5 /* ServerApp.app */ = {isa = PBXFileReference; explicitFileType = wrapper.application; includeInIndex = 0; path = ServerApp.app; sourceTree = BUILT_PRODUCTS_DIR; };
		55B781C524A619A80036F8E5 /* AppDelegate.swift */ = {isa = PBXFileReference; lastKnownFileType = sourcecode.swift; path = AppDelegate.swift; sourceTree = "<group>"; };
		55B781CC24A619A80036F8E5 /* Base */ = {isa = PBXFileReference; lastKnownFileType = file.storyboard; name = Base; path = Base.lproj/Main.storyboard; sourceTree = "<group>"; };
		55B781CE24A619A90036F8E5 /* Assets.xcassets */ = {isa = PBXFileReference; lastKnownFileType = folder.assetcatalog; path = Assets.xcassets; sourceTree = "<group>"; };
		55B781D124A619A90036F8E5 /* Base */ = {isa = PBXFileReference; lastKnownFileType = file.storyboard; name = Base; path = Base.lproj/LaunchScreen.storyboard; sourceTree = "<group>"; };
		55B781D324A619A90036F8E5 /* Info.plist */ = {isa = PBXFileReference; lastKnownFileType = text.plist.xml; path = Info.plist; sourceTree = "<group>"; };
		55B781D724A61A3C0036F8E5 /* MainViewController.swift */ = {isa = PBXFileReference; fileEncoding = 4; lastKnownFileType = sourcecode.swift; path = MainViewController.swift; sourceTree = "<group>"; };
		55B781D824A61A3C0036F8E5 /* ScannerViewController.swift */ = {isa = PBXFileReference; fileEncoding = 4; lastKnownFileType = sourcecode.swift; path = ScannerViewController.swift; sourceTree = "<group>"; };
		55B781E524A61CE60036F8E5 /* ClientApp.app */ = {isa = PBXFileReference; explicitFileType = wrapper.application; includeInIndex = 0; path = ClientApp.app; sourceTree = BUILT_PRODUCTS_DIR; };
		55B781E724A61CE60036F8E5 /* AppDelegate.swift */ = {isa = PBXFileReference; lastKnownFileType = sourcecode.swift; path = AppDelegate.swift; sourceTree = "<group>"; };
		55B781EE24A61CE60036F8E5 /* Base */ = {isa = PBXFileReference; lastKnownFileType = file.storyboard; name = Base; path = Base.lproj/Main.storyboard; sourceTree = "<group>"; };
		55B781F024A61CE70036F8E5 /* Assets.xcassets */ = {isa = PBXFileReference; lastKnownFileType = folder.assetcatalog; path = Assets.xcassets; sourceTree = "<group>"; };
		55B781F324A61CE70036F8E5 /* Base */ = {isa = PBXFileReference; lastKnownFileType = file.storyboard; name = Base; path = Base.lproj/LaunchScreen.storyboard; sourceTree = "<group>"; };
		55B781F524A61CE70036F8E5 /* Info.plist */ = {isa = PBXFileReference; lastKnownFileType = text.plist.xml; path = Info.plist; sourceTree = "<group>"; };
		55B781F924A61D480036F8E5 /* MainViewController.swift */ = {isa = PBXFileReference; fileEncoding = 4; lastKnownFileType = sourcecode.swift; path = MainViewController.swift; sourceTree = "<group>"; };
		55B781FA24A61D480036F8E5 /* WalletConnect.swift */ = {isa = PBXFileReference; fileEncoding = 4; lastKnownFileType = sourcecode.swift; path = WalletConnect.swift; sourceTree = "<group>"; };
		55B781FB24A61D480036F8E5 /* HandshakeViewController.swift */ = {isa = PBXFileReference; fileEncoding = 4; lastKnownFileType = sourcecode.swift; path = HandshakeViewController.swift; sourceTree = "<group>"; };
		55B781FC24A61D480036F8E5 /* ActionsViewController.swift */ = {isa = PBXFileReference; fileEncoding = 4; lastKnownFileType = sourcecode.swift; path = ActionsViewController.swift; sourceTree = "<group>"; };
		6FB1805CE64416B2FCD9D452 /* Pods-ServerApp.debug.xcconfig */ = {isa = PBXFileReference; includeInIndex = 1; lastKnownFileType = text.xcconfig; name = "Pods-ServerApp.debug.xcconfig"; path = "Target Support Files/Pods-ServerApp/Pods-ServerApp.debug.xcconfig"; sourceTree = "<group>"; };
/* End PBXFileReference section */

/* Begin PBXFrameworksBuildPhase section */
		55B781C024A619A80036F8E5 /* Frameworks */ = {
			isa = PBXFrameworksBuildPhase;
			buildActionMask = 2147483647;
			files = (
				918441D2F9D5A88A461D9304 /* Pods_ServerApp.framework in Frameworks */,
			);
			runOnlyForDeploymentPostprocessing = 0;
		};
		55B781E224A61CE60036F8E5 /* Frameworks */ = {
			isa = PBXFrameworksBuildPhase;
			buildActionMask = 2147483647;
			files = (
				F720EAEA1E8309BB764C8AF1 /* Pods_ClientApp.framework in Frameworks */,
			);
			runOnlyForDeploymentPostprocessing = 0;
		};
/* End PBXFrameworksBuildPhase section */

/* Begin PBXGroup section */
		0C2B0E20D1FEBEE44CA0AC8C /* Pods */ = {
			isa = PBXGroup;
			children = (
				077621EB79AB935EC000A057 /* Pods-ClientApp.debug.xcconfig */,
				2FCF421327AE60E707052DF8 /* Pods-ClientApp.release.xcconfig */,
				6FB1805CE64416B2FCD9D452 /* Pods-ServerApp.debug.xcconfig */,
				51C3CD251010F1EC29DDC8AB /* Pods-ServerApp.release.xcconfig */,
			);
			path = Pods;
			sourceTree = "<group>";
		};
		55B7819F24A616A20036F8E5 = {
			isa = PBXGroup;
			children = (
				55B781C424A619A80036F8E5 /* ServerApp */,
				55B781E624A61CE60036F8E5 /* ClientApp */,
				55B781A924A616A20036F8E5 /* Products */,
				55B7820124A61D600036F8E5 /* Frameworks */,
				0C2B0E20D1FEBEE44CA0AC8C /* Pods */,
			);
			sourceTree = "<group>";
		};
		55B781A924A616A20036F8E5 /* Products */ = {
			isa = PBXGroup;
			children = (
				55B781C324A619A80036F8E5 /* ServerApp.app */,
				55B781E524A61CE60036F8E5 /* ClientApp.app */,
			);
			name = Products;
			sourceTree = "<group>";
		};
		55B781C424A619A80036F8E5 /* ServerApp */ = {
			isa = PBXGroup;
			children = (
				55B781D724A61A3C0036F8E5 /* MainViewController.swift */,
				55B781D824A61A3C0036F8E5 /* ScannerViewController.swift */,
				55B781C524A619A80036F8E5 /* AppDelegate.swift */,
				55B781CB24A619A80036F8E5 /* Main.storyboard */,
				55B781CE24A619A90036F8E5 /* Assets.xcassets */,
				55B781D024A619A90036F8E5 /* LaunchScreen.storyboard */,
				55B781D324A619A90036F8E5 /* Info.plist */,
			);
			path = ServerApp;
			sourceTree = "<group>";
		};
		55B781E624A61CE60036F8E5 /* ClientApp */ = {
			isa = PBXGroup;
			children = (
				55B781FC24A61D480036F8E5 /* ActionsViewController.swift */,
				55B781FB24A61D480036F8E5 /* HandshakeViewController.swift */,
				55B781F924A61D480036F8E5 /* MainViewController.swift */,
				55B781FA24A61D480036F8E5 /* WalletConnect.swift */,
				55B781E724A61CE60036F8E5 /* AppDelegate.swift */,
				55B781ED24A61CE60036F8E5 /* Main.storyboard */,
				55B781F024A61CE70036F8E5 /* Assets.xcassets */,
				55B781F224A61CE70036F8E5 /* LaunchScreen.storyboard */,
				55B781F524A61CE70036F8E5 /* Info.plist */,
			);
			path = ClientApp;
			sourceTree = "<group>";
		};
		55B7820124A61D600036F8E5 /* Frameworks */ = {
			isa = PBXGroup;
			children = (
				130FBAC19C7F309E4642C1F0 /* Pods_ClientApp.framework */,
				088C51901628E96CCBA26781 /* Pods_ServerApp.framework */,
			);
			name = Frameworks;
			sourceTree = "<group>";
		};
/* End PBXGroup section */

/* Begin PBXNativeTarget section */
		55B781C224A619A80036F8E5 /* ServerApp */ = {
			isa = PBXNativeTarget;
			buildConfigurationList = 55B781D424A619A90036F8E5 /* Build configuration list for PBXNativeTarget "ServerApp" */;
			buildPhases = (
				5B2E3AF52DD6D61FB5EFD819 /* [CP] Check Pods Manifest.lock */,
				55B781BF24A619A80036F8E5 /* Sources */,
				55B781C024A619A80036F8E5 /* Frameworks */,
				55B781C124A619A80036F8E5 /* Resources */,
				5C54ADB870300A39331068DA /* [CP] Embed Pods Frameworks */,
			);
			buildRules = (
			);
			dependencies = (
			);
			name = ServerApp;
			productName = ServerApp;
			productReference = 55B781C324A619A80036F8E5 /* ServerApp.app */;
			productType = "com.apple.product-type.application";
		};
		55B781E424A61CE60036F8E5 /* ClientApp */ = {
			isa = PBXNativeTarget;
			buildConfigurationList = 55B781F624A61CE70036F8E5 /* Build configuration list for PBXNativeTarget "ClientApp" */;
			buildPhases = (
				C7F8DDF1DA8F071002A097B2 /* [CP] Check Pods Manifest.lock */,
				55B781E124A61CE60036F8E5 /* Sources */,
				55B781E224A61CE60036F8E5 /* Frameworks */,
				55B781E324A61CE60036F8E5 /* Resources */,
				5852754F28970527E62DBFF2 /* [CP] Embed Pods Frameworks */,
			);
			buildRules = (
			);
			dependencies = (
			);
			name = ClientApp;
			productName = ClientApp;
			productReference = 55B781E524A61CE60036F8E5 /* ClientApp.app */;
			productType = "com.apple.product-type.application";
		};
/* End PBXNativeTarget section */

/* Begin PBXProject section */
		55B781A024A616A20036F8E5 /* Project object */ = {
			isa = PBXProject;
			attributes = {
				LastSwiftUpdateCheck = 1150;
				LastUpgradeCheck = 1150;
				ORGANIZATIONNAME = Gnosis;
				TargetAttributes = {
					55B781C224A619A80036F8E5 = {
						CreatedOnToolsVersion = 11.5;
					};
					55B781E424A61CE60036F8E5 = {
						CreatedOnToolsVersion = 11.5;
					};
				};
			};
			buildConfigurationList = 55B781A324A616A20036F8E5 /* Build configuration list for PBXProject "ExampleApps" */;
			compatibilityVersion = "Xcode 9.3";
			developmentRegion = en;
			hasScannedForEncodings = 0;
			knownRegions = (
				en,
				Base,
			);
			mainGroup = 55B7819F24A616A20036F8E5;
			productRefGroup = 55B781A924A616A20036F8E5 /* Products */;
			projectDirPath = "";
			projectRoot = "";
			targets = (
				55B781C224A619A80036F8E5 /* ServerApp */,
				55B781E424A61CE60036F8E5 /* ClientApp */,
			);
		};
/* End PBXProject section */

/* Begin PBXResourcesBuildPhase section */
		55B781C124A619A80036F8E5 /* Resources */ = {
			isa = PBXResourcesBuildPhase;
			buildActionMask = 2147483647;
			files = (
				55B781D224A619A90036F8E5 /* LaunchScreen.storyboard in Resources */,
				55B781CF24A619A90036F8E5 /* Assets.xcassets in Resources */,
				55B781CD24A619A80036F8E5 /* Main.storyboard in Resources */,
			);
			runOnlyForDeploymentPostprocessing = 0;
		};
		55B781E324A61CE60036F8E5 /* Resources */ = {
			isa = PBXResourcesBuildPhase;
			buildActionMask = 2147483647;
			files = (
				55B781F424A61CE70036F8E5 /* LaunchScreen.storyboard in Resources */,
				55B781F124A61CE70036F8E5 /* Assets.xcassets in Resources */,
				55B781EF24A61CE60036F8E5 /* Main.storyboard in Resources */,
			);
			runOnlyForDeploymentPostprocessing = 0;
		};
/* End PBXResourcesBuildPhase section */

/* Begin PBXShellScriptBuildPhase section */
		5852754F28970527E62DBFF2 /* [CP] Embed Pods Frameworks */ = {
			isa = PBXShellScriptBuildPhase;
			buildActionMask = 2147483647;
			files = (
			);
			inputFileListPaths = (
				"${PODS_ROOT}/Target Support Files/Pods-ClientApp/Pods-ClientApp-frameworks-${CONFIGURATION}-input-files.xcfilelist",
			);
			name = "[CP] Embed Pods Frameworks";
			outputFileListPaths = (
				"${PODS_ROOT}/Target Support Files/Pods-ClientApp/Pods-ClientApp-frameworks-${CONFIGURATION}-output-files.xcfilelist",
			);
			runOnlyForDeploymentPostprocessing = 0;
			shellPath = /bin/sh;
			shellScript = "\"${PODS_ROOT}/Target Support Files/Pods-ClientApp/Pods-ClientApp-frameworks.sh\"\n";
			showEnvVarsInLog = 0;
		};
		5B2E3AF52DD6D61FB5EFD819 /* [CP] Check Pods Manifest.lock */ = {
			isa = PBXShellScriptBuildPhase;
			buildActionMask = 2147483647;
			files = (
			);
			inputFileListPaths = (
			);
			inputPaths = (
				"${PODS_PODFILE_DIR_PATH}/Podfile.lock",
				"${PODS_ROOT}/Manifest.lock",
			);
			name = "[CP] Check Pods Manifest.lock";
			outputFileListPaths = (
			);
			outputPaths = (
				"$(DERIVED_FILE_DIR)/Pods-ServerApp-checkManifestLockResult.txt",
			);
			runOnlyForDeploymentPostprocessing = 0;
			shellPath = /bin/sh;
			shellScript = "diff \"${PODS_PODFILE_DIR_PATH}/Podfile.lock\" \"${PODS_ROOT}/Manifest.lock\" > /dev/null\nif [ $? != 0 ] ; then\n    # print error to STDERR\n    echo \"error: The sandbox is not in sync with the Podfile.lock. Run 'pod install' or update your CocoaPods installation.\" >&2\n    exit 1\nfi\n# This output is used by Xcode 'outputs' to avoid re-running this script phase.\necho \"SUCCESS\" > \"${SCRIPT_OUTPUT_FILE_0}\"\n";
			showEnvVarsInLog = 0;
		};
		5C54ADB870300A39331068DA /* [CP] Embed Pods Frameworks */ = {
			isa = PBXShellScriptBuildPhase;
			buildActionMask = 2147483647;
			files = (
			);
			inputFileListPaths = (
				"${PODS_ROOT}/Target Support Files/Pods-ServerApp/Pods-ServerApp-frameworks-${CONFIGURATION}-input-files.xcfilelist",
			);
			name = "[CP] Embed Pods Frameworks";
			outputFileListPaths = (
				"${PODS_ROOT}/Target Support Files/Pods-ServerApp/Pods-ServerApp-frameworks-${CONFIGURATION}-output-files.xcfilelist",
			);
			runOnlyForDeploymentPostprocessing = 0;
			shellPath = /bin/sh;
			shellScript = "\"${PODS_ROOT}/Target Support Files/Pods-ServerApp/Pods-ServerApp-frameworks.sh\"\n";
			showEnvVarsInLog = 0;
		};
		C7F8DDF1DA8F071002A097B2 /* [CP] Check Pods Manifest.lock */ = {
			isa = PBXShellScriptBuildPhase;
			buildActionMask = 2147483647;
			files = (
			);
			inputFileListPaths = (
			);
			inputPaths = (
				"${PODS_PODFILE_DIR_PATH}/Podfile.lock",
				"${PODS_ROOT}/Manifest.lock",
			);
			name = "[CP] Check Pods Manifest.lock";
			outputFileListPaths = (
			);
			outputPaths = (
				"$(DERIVED_FILE_DIR)/Pods-ClientApp-checkManifestLockResult.txt",
			);
			runOnlyForDeploymentPostprocessing = 0;
			shellPath = /bin/sh;
			shellScript = "diff \"${PODS_PODFILE_DIR_PATH}/Podfile.lock\" \"${PODS_ROOT}/Manifest.lock\" > /dev/null\nif [ $? != 0 ] ; then\n    # print error to STDERR\n    echo \"error: The sandbox is not in sync with the Podfile.lock. Run 'pod install' or update your CocoaPods installation.\" >&2\n    exit 1\nfi\n# This output is used by Xcode 'outputs' to avoid re-running this script phase.\necho \"SUCCESS\" > \"${SCRIPT_OUTPUT_FILE_0}\"\n";
			showEnvVarsInLog = 0;
		};
/* End PBXShellScriptBuildPhase section */

/* Begin PBXSourcesBuildPhase section */
		55B781BF24A619A80036F8E5 /* Sources */ = {
			isa = PBXSourcesBuildPhase;
			buildActionMask = 2147483647;
			files = (
				55B781C624A619A80036F8E5 /* AppDelegate.swift in Sources */,
				55B781DA24A61A3C0036F8E5 /* ScannerViewController.swift in Sources */,
				55B781D924A61A3C0036F8E5 /* MainViewController.swift in Sources */,
			);
			runOnlyForDeploymentPostprocessing = 0;
		};
		55B781E124A61CE60036F8E5 /* Sources */ = {
			isa = PBXSourcesBuildPhase;
			buildActionMask = 2147483647;
			files = (
				55B781E824A61CE60036F8E5 /* AppDelegate.swift in Sources */,
				55B781FD24A61D480036F8E5 /* MainViewController.swift in Sources */,
				55B781FF24A61D480036F8E5 /* HandshakeViewController.swift in Sources */,
				55B7820024A61D480036F8E5 /* ActionsViewController.swift in Sources */,
				55B781FE24A61D480036F8E5 /* WalletConnect.swift in Sources */,
			);
			runOnlyForDeploymentPostprocessing = 0;
		};
/* End PBXSourcesBuildPhase section */

/* Begin PBXVariantGroup section */
		55B781CB24A619A80036F8E5 /* Main.storyboard */ = {
			isa = PBXVariantGroup;
			children = (
				55B781CC24A619A80036F8E5 /* Base */,
			);
			name = Main.storyboard;
			sourceTree = "<group>";
		};
		55B781D024A619A90036F8E5 /* LaunchScreen.storyboard */ = {
			isa = PBXVariantGroup;
			children = (
				55B781D124A619A90036F8E5 /* Base */,
			);
			name = LaunchScreen.storyboard;
			sourceTree = "<group>";
		};
		55B781ED24A61CE60036F8E5 /* Main.storyboard */ = {
			isa = PBXVariantGroup;
			children = (
				55B781EE24A61CE60036F8E5 /* Base */,
			);
			name = Main.storyboard;
			sourceTree = "<group>";
		};
		55B781F224A61CE70036F8E5 /* LaunchScreen.storyboard */ = {
			isa = PBXVariantGroup;
			children = (
				55B781F324A61CE70036F8E5 /* Base */,
			);
			name = LaunchScreen.storyboard;
			sourceTree = "<group>";
		};
/* End PBXVariantGroup section */

/* Begin XCBuildConfiguration section */
		55B781BA24A616A30036F8E5 /* Debug */ = {
			isa = XCBuildConfiguration;
			buildSettings = {
				ALWAYS_SEARCH_USER_PATHS = NO;
				CLANG_ANALYZER_NONNULL = YES;
				CLANG_ANALYZER_NUMBER_OBJECT_CONVERSION = YES_AGGRESSIVE;
				CLANG_CXX_LANGUAGE_STANDARD = "gnu++14";
				CLANG_CXX_LIBRARY = "libc++";
				CLANG_ENABLE_MODULES = YES;
				CLANG_ENABLE_OBJC_ARC = YES;
				CLANG_ENABLE_OBJC_WEAK = YES;
				CLANG_WARN_BLOCK_CAPTURE_AUTORELEASING = YES;
				CLANG_WARN_BOOL_CONVERSION = YES;
				CLANG_WARN_COMMA = YES;
				CLANG_WARN_CONSTANT_CONVERSION = YES;
				CLANG_WARN_DEPRECATED_OBJC_IMPLEMENTATIONS = YES;
				CLANG_WARN_DIRECT_OBJC_ISA_USAGE = YES_ERROR;
				CLANG_WARN_DOCUMENTATION_COMMENTS = YES;
				CLANG_WARN_EMPTY_BODY = YES;
				CLANG_WARN_ENUM_CONVERSION = YES;
				CLANG_WARN_INFINITE_RECURSION = YES;
				CLANG_WARN_INT_CONVERSION = YES;
				CLANG_WARN_NON_LITERAL_NULL_CONVERSION = YES;
				CLANG_WARN_OBJC_IMPLICIT_RETAIN_SELF = YES;
				CLANG_WARN_OBJC_LITERAL_CONVERSION = YES;
				CLANG_WARN_OBJC_ROOT_CLASS = YES_ERROR;
				CLANG_WARN_RANGE_LOOP_ANALYSIS = YES;
				CLANG_WARN_STRICT_PROTOTYPES = YES;
				CLANG_WARN_SUSPICIOUS_MOVE = YES;
				CLANG_WARN_UNGUARDED_AVAILABILITY = YES_AGGRESSIVE;
				CLANG_WARN_UNREACHABLE_CODE = YES;
				CLANG_WARN__DUPLICATE_METHOD_MATCH = YES;
				COPY_PHASE_STRIP = NO;
				DEBUG_INFORMATION_FORMAT = dwarf;
				ENABLE_STRICT_OBJC_MSGSEND = YES;
				ENABLE_TESTABILITY = YES;
				GCC_C_LANGUAGE_STANDARD = gnu11;
				GCC_DYNAMIC_NO_PIC = NO;
				GCC_NO_COMMON_BLOCKS = YES;
				GCC_OPTIMIZATION_LEVEL = 0;
				GCC_PREPROCESSOR_DEFINITIONS = (
					"DEBUG=1",
					"$(inherited)",
				);
				GCC_WARN_64_TO_32_BIT_CONVERSION = YES;
				GCC_WARN_ABOUT_RETURN_TYPE = YES_ERROR;
				GCC_WARN_UNDECLARED_SELECTOR = YES;
				GCC_WARN_UNINITIALIZED_AUTOS = YES_AGGRESSIVE;
				GCC_WARN_UNUSED_FUNCTION = YES;
				GCC_WARN_UNUSED_VARIABLE = YES;
				IPHONEOS_DEPLOYMENT_TARGET = 11.0;
				MTL_ENABLE_DEBUG_INFO = INCLUDE_SOURCE;
				MTL_FAST_MATH = YES;
				ONLY_ACTIVE_ARCH = YES;
				SDKROOT = iphoneos;
				SWIFT_ACTIVE_COMPILATION_CONDITIONS = DEBUG;
				SWIFT_OPTIMIZATION_LEVEL = "-Onone";
			};
			name = Debug;
		};
		55B781BB24A616A30036F8E5 /* Release */ = {
			isa = XCBuildConfiguration;
			buildSettings = {
				ALWAYS_SEARCH_USER_PATHS = NO;
				CLANG_ANALYZER_NONNULL = YES;
				CLANG_ANALYZER_NUMBER_OBJECT_CONVERSION = YES_AGGRESSIVE;
				CLANG_CXX_LANGUAGE_STANDARD = "gnu++14";
				CLANG_CXX_LIBRARY = "libc++";
				CLANG_ENABLE_MODULES = YES;
				CLANG_ENABLE_OBJC_ARC = YES;
				CLANG_ENABLE_OBJC_WEAK = YES;
				CLANG_WARN_BLOCK_CAPTURE_AUTORELEASING = YES;
				CLANG_WARN_BOOL_CONVERSION = YES;
				CLANG_WARN_COMMA = YES;
				CLANG_WARN_CONSTANT_CONVERSION = YES;
				CLANG_WARN_DEPRECATED_OBJC_IMPLEMENTATIONS = YES;
				CLANG_WARN_DIRECT_OBJC_ISA_USAGE = YES_ERROR;
				CLANG_WARN_DOCUMENTATION_COMMENTS = YES;
				CLANG_WARN_EMPTY_BODY = YES;
				CLANG_WARN_ENUM_CONVERSION = YES;
				CLANG_WARN_INFINITE_RECURSION = YES;
				CLANG_WARN_INT_CONVERSION = YES;
				CLANG_WARN_NON_LITERAL_NULL_CONVERSION = YES;
				CLANG_WARN_OBJC_IMPLICIT_RETAIN_SELF = YES;
				CLANG_WARN_OBJC_LITERAL_CONVERSION = YES;
				CLANG_WARN_OBJC_ROOT_CLASS = YES_ERROR;
				CLANG_WARN_RANGE_LOOP_ANALYSIS = YES;
				CLANG_WARN_STRICT_PROTOTYPES = YES;
				CLANG_WARN_SUSPICIOUS_MOVE = YES;
				CLANG_WARN_UNGUARDED_AVAILABILITY = YES_AGGRESSIVE;
				CLANG_WARN_UNREACHABLE_CODE = YES;
				CLANG_WARN__DUPLICATE_METHOD_MATCH = YES;
				COPY_PHASE_STRIP = NO;
				DEBUG_INFORMATION_FORMAT = "dwarf-with-dsym";
				ENABLE_NS_ASSERTIONS = NO;
				ENABLE_STRICT_OBJC_MSGSEND = YES;
				GCC_C_LANGUAGE_STANDARD = gnu11;
				GCC_NO_COMMON_BLOCKS = YES;
				GCC_WARN_64_TO_32_BIT_CONVERSION = YES;
				GCC_WARN_ABOUT_RETURN_TYPE = YES_ERROR;
				GCC_WARN_UNDECLARED_SELECTOR = YES;
				GCC_WARN_UNINITIALIZED_AUTOS = YES_AGGRESSIVE;
				GCC_WARN_UNUSED_FUNCTION = YES;
				GCC_WARN_UNUSED_VARIABLE = YES;
				IPHONEOS_DEPLOYMENT_TARGET = 11.0;
				MTL_ENABLE_DEBUG_INFO = NO;
				MTL_FAST_MATH = YES;
				SDKROOT = iphoneos;
				SWIFT_COMPILATION_MODE = wholemodule;
				SWIFT_OPTIMIZATION_LEVEL = "-O";
				VALIDATE_PRODUCT = YES;
			};
			name = Release;
		};
		55B781D524A619A90036F8E5 /* Debug */ = {
			isa = XCBuildConfiguration;
			baseConfigurationReference = 6FB1805CE64416B2FCD9D452 /* Pods-ServerApp.debug.xcconfig */;
			buildSettings = {
				ASSETCATALOG_COMPILER_APPICON_NAME = AppIcon;
				CODE_SIGN_IDENTITY = "Apple Development";
				CODE_SIGN_STYLE = Automatic;
				DEVELOPMENT_TEAM = ZKG876RKJ8;
				INFOPLIST_FILE = ServerApp/Info.plist;
				IPHONEOS_DEPLOYMENT_TARGET = 11.0;
				LD_RUNPATH_SEARCH_PATHS = (
					"$(inherited)",
					"@executable_path/Frameworks",
				);
				OTHER_LDFLAGS = "$(inherited)";
				PRODUCT_BUNDLE_IDENTIFIER = io.gnosis.WalletConnectSwift.ServerApp;
				PRODUCT_NAME = "$(TARGET_NAME)";
				PROVISIONING_PROFILE_SPECIFIER = "";
				SWIFT_VERSION = 5.0;
				TARGETED_DEVICE_FAMILY = "1,2";
			};
			name = Debug;
		};
		55B781D624A619A90036F8E5 /* Release */ = {
			isa = XCBuildConfiguration;
			baseConfigurationReference = 51C3CD251010F1EC29DDC8AB /* Pods-ServerApp.release.xcconfig */;
			buildSettings = {
				ASSETCATALOG_COMPILER_APPICON_NAME = AppIcon;
				CODE_SIGN_IDENTITY = "Apple Development";
				CODE_SIGN_STYLE = Automatic;
				DEVELOPMENT_TEAM = ZKG876RKJ8;
				INFOPLIST_FILE = ServerApp/Info.plist;
				IPHONEOS_DEPLOYMENT_TARGET = 11.0;
				LD_RUNPATH_SEARCH_PATHS = (
					"$(inherited)",
					"@executable_path/Frameworks",
				);
				OTHER_LDFLAGS = "$(inherited)";
				PRODUCT_BUNDLE_IDENTIFIER = io.gnosis.WalletConnectSwift.ServerApp;
				PRODUCT_NAME = "$(TARGET_NAME)";
				PROVISIONING_PROFILE_SPECIFIER = "";
				SWIFT_VERSION = 5.0;
				TARGETED_DEVICE_FAMILY = "1,2";
			};
			name = Release;
		};
		55B781F724A61CE70036F8E5 /* Debug */ = {
			isa = XCBuildConfiguration;
			baseConfigurationReference = 077621EB79AB935EC000A057 /* Pods-ClientApp.debug.xcconfig */;
			buildSettings = {
				ASSETCATALOG_COMPILER_APPICON_NAME = AppIcon;
				CODE_SIGN_STYLE = Automatic;
				DEVELOPMENT_TEAM = ZKG876RKJ8;
				INFOPLIST_FILE = ClientApp/Info.plist;
				IPHONEOS_DEPLOYMENT_TARGET = 11.0;
				LD_RUNPATH_SEARCH_PATHS = (
					"$(inherited)",
					"@executable_path/Frameworks",
				);
				OTHER_LDFLAGS = (
					"$(inherited)",
					"-framework",
					"\"Starscream\"",
					"-framework",
					"\"WalletConnectSwift\"",
				);
				PRODUCT_BUNDLE_IDENTIFIER = io.gnosis.WalletConnectSwift.ClientApp;
				PRODUCT_NAME = "$(TARGET_NAME)";
				SWIFT_VERSION = 5.0;
				TARGETED_DEVICE_FAMILY = "1,2";
			};
			name = Debug;
		};
		55B781F824A61CE70036F8E5 /* Release */ = {
			isa = XCBuildConfiguration;
			baseConfigurationReference = 2FCF421327AE60E707052DF8 /* Pods-ClientApp.release.xcconfig */;
			buildSettings = {
				ASSETCATALOG_COMPILER_APPICON_NAME = AppIcon;
				CODE_SIGN_STYLE = Automatic;
				DEVELOPMENT_TEAM = ZKG876RKJ8;
				INFOPLIST_FILE = ClientApp/Info.plist;
				IPHONEOS_DEPLOYMENT_TARGET = 11.0;
				LD_RUNPATH_SEARCH_PATHS = (
					"$(inherited)",
					"@executable_path/Frameworks",
				);
				OTHER_LDFLAGS = (
					"$(inherited)",
					"-framework",
					"\"Starscream\"",
					"-framework",
					"\"WalletConnectSwift\"",
				);
				PRODUCT_BUNDLE_IDENTIFIER = io.gnosis.WalletConnectSwift.ClientApp;
				PRODUCT_NAME = "$(TARGET_NAME)";
				SWIFT_VERSION = 5.0;
				TARGETED_DEVICE_FAMILY = "1,2";
			};
			name = Release;
		};
/* End XCBuildConfiguration section */

/* Begin XCConfigurationList section */
		55B781A324A616A20036F8E5 /* Build configuration list for PBXProject "ExampleApps" */ = {
			isa = XCConfigurationList;
			buildConfigurations = (
				55B781BA24A616A30036F8E5 /* Debug */,
				55B781BB24A616A30036F8E5 /* Release */,
			);
			defaultConfigurationIsVisible = 0;
			defaultConfigurationName = Release;
		};
		55B781D424A619A90036F8E5 /* Build configuration list for PBXNativeTarget "ServerApp" */ = {
			isa = XCConfigurationList;
			buildConfigurations = (
				55B781D524A619A90036F8E5 /* Debug */,
				55B781D624A619A90036F8E5 /* Release */,
			);
			defaultConfigurationIsVisible = 0;
			defaultConfigurationName = Release;
		};
		55B781F624A61CE70036F8E5 /* Build configuration list for PBXNativeTarget "ClientApp" */ = {
			isa = XCConfigurationList;
			buildConfigurations = (
				55B781F724A61CE70036F8E5 /* Debug */,
				55B781F824A61CE70036F8E5 /* Release */,
			);
			defaultConfigurationIsVisible = 0;
			defaultConfigurationName = Release;
		};
/* End XCConfigurationList section */
	};
	rootObject = 55B781A024A616A20036F8E5 /* Project object */;
}
